
Microsoft Visual Studio Solution File, Format Version 12.00
# Visual Studio Version 17
VisualStudioVersion = 17.0.31903.59
MinimumVisualStudioVersion = 10.0.40219.1
Project("{FAE04EC0-301F-11D3-BF4B-00C04F79EFBC}") = "JwtLogin.Core", "JwtLogin.Core\JwtLogin.Core.csproj", "{DB1DB262-A8C8-470F-BA50-00D55B666F18}"
EndProject
Project("{FAE04EC0-301F-11D3-BF4B-00C04F79EFBC}") = "JwtLogin.Infra", "JwtLogin.Infra\JwtLogin.Infra.csproj", "{E101E10B-0BDF-47D6-AC52-0A2EB0746795}"
EndProject
Project("{FAE04EC0-301F-11D3-BF4B-00C04F79EFBC}") = "JwtLogin.Api", "JwtLogin.Api\JwtLogin.Api.csproj", "{D44F6513-F583-41AC-8389-AE5165B77DB7}"
EndProject
Global
	GlobalSection(SolutionConfigurationPlatforms) = preSolution
		Debug|Any CPU = Debug|Any CPU
		Release|Any CPU = Release|Any CPU
	EndGlobalSection
	GlobalSection(SolutionProperties) = preSolution
		HideSolutionNode = FALSE
	EndGlobalSection
	GlobalSection(ProjectConfigurationPlatforms) = postSolution
		{DB1DB262-A8C8-470F-BA50-00D55B666F18}.Debug|Any CPU.ActiveCfg = Debug|Any CPU
		{DB1DB262-A8C8-470F-BA50-00D55B666F18}.Debug|Any CPU.Build.0 = Debug|Any CPU
		{DB1DB262-A8C8-470F-BA50-00D55B666F18}.Release|Any CPU.ActiveCfg = Release|Any CPU
		{DB1DB262-A8C8-470F-BA50-00D55B666F18}.Release|Any CPU.Build.0 = Release|Any CPU
		{E101E10B-0BDF-47D6-AC52-0A2EB0746795}.Debug|Any CPU.ActiveCfg = Debug|Any CPU
		{E101E10B-0BDF-47D6-AC52-0A2EB0746795}.Debug|Any CPU.Build.0 = Debug|Any CPU
		{E101E10B-0BDF-47D6-AC52-0A2EB0746795}.Release|Any CPU.ActiveCfg = Release|Any CPU
		{E101E10B-0BDF-47D6-AC52-0A2EB0746795}.Release|Any CPU.Build.0 = Release|Any CPU
		{D44F6513-F583-41AC-8389-AE5165B77DB7}.Debug|Any CPU.ActiveCfg = Debug|Any CPU
		{D44F6513-F583-41AC-8389-AE5165B77DB7}.Debug|Any CPU.Build.0 = Debug|Any CPU
		{D44F6513-F583-41AC-8389-AE5165B77DB7}.Release|Any CPU.ActiveCfg = Release|Any CPU
		{D44F6513-F583-41AC-8389-AE5165B77DB7}.Release|Any CPU.Build.0 = Release|Any CPU
	EndGlobalSection
EndGlobal
